
Microsoft Visual Studio Solution File, Format Version 12.00
# Visual Studio Version 17
VisualStudioVersion = 17.10.35027.167
MinimumVisualStudioVersion = 10.0.40219.1
Project("{FAE04EC0-301F-11D3-BF4B-00C04F79EFBC}") = "ConsoleApp25", "ConsoleApp25\ConsoleApp25.csproj", "{EA033847-F072-4695-B8D4-176D705969BD}"
EndProject
Global
	GlobalSection(SolutionConfigurationPlatforms) = preSolution
		Debug|Any CPU = Debug|Any CPU
		Release|Any CPU = Release|Any CPU
	EndGlobalSection
	GlobalSection(ProjectConfigurationPlatforms) = postSolution
		{EA033847-F072-4695-B8D4-176D705969BD}.Debug|Any CPU.ActiveCfg = Debug|Any CPU
		{EA033847-F072-4695-B8D4-176D705969BD}.Debug|Any CPU.Build.0 = Debug|Any CPU
		{EA033847-F072-4695-B8D4-176D705969BD}.Release|Any CPU.ActiveCfg = Release|Any CPU
		{EA033847-F072-4695-B8D4-176D705969BD}.Release|Any CPU.Build.0 = Release|Any CPU
	EndGlobalSection
	GlobalSection(SolutionProperties) = preSolution
		HideSolutionNode = FALSE
	EndGlobalSection
	GlobalSection(ExtensibilityGlobals) = postSolution
		SolutionGuid = {4856C626-E4C1-4BDB-B058-5F054FA2DBFA}
	EndGlobalSection
EndGlobal
